
Microsoft Visual Studio Solution File, Format Version 12.00
# Visual Studio Version 17
VisualStudioVersion = 17.9.34723.18
MinimumVisualStudioVersion = 10.0.40219.1
Project("{FAE04EC0-301F-11D3-BF4B-00C04F79EFBC}") = "RabbitMQ.Consumer", "RabbitMQ.Consumer\RabbitMQ.Consumer.csproj", "{F6D1014D-1D7A-4675-8641-F9D64AA93F22}"
EndProject
Global
	GlobalSection(SolutionConfigurationPlatforms) = preSolution
		Debug|Any CPU = Debug|Any CPU
		Release|Any CPU = Release|Any CPU
	EndGlobalSection
	GlobalSection(ProjectConfigurationPlatforms) = postSolution
		{F6D1014D-1D7A-4675-8641-F9D64AA93F22}.Debug|Any CPU.ActiveCfg = Debug|Any CPU
		{F6D1014D-1D7A-4675-8641-F9D64AA93F22}.Debug|Any CPU.Build.0 = Debug|Any CPU
		{F6D1014D-1D7A-4675-8641-F9D64AA93F22}.Release|Any CPU.ActiveCfg = Release|Any CPU
		{F6D1014D-1D7A-4675-8641-F9D64AA93F22}.Release|Any CPU.Build.0 = Release|Any CPU
	EndGlobalSection
	GlobalSection(SolutionProperties) = preSolution
		HideSolutionNode = FALSE
	EndGlobalSection
	GlobalSection(ExtensibilityGlobals) = postSolution
		SolutionGuid = {AE5D7301-E1E5-4F69-91AE-8213ACA7FFF2}
	EndGlobalSection
EndGlobal
